
Microsoft Visual Studio Solution File, Format Version 12.00
# Visual Studio Version 17
VisualStudioVersion = 17.3.32825.248
MinimumVisualStudioVersion = 10.0.40219.1
Project("{FAE04EC0-301F-11D3-BF4B-00C04F79EFBC}") = "Core", "Core\Core.csproj", "{1DC2A662-58DB-4668-B522-4A0347F72276}"
EndProject
Project("{FAE04EC0-301F-11D3-BF4B-00C04F79EFBC}") = "Entities", "Entities\Entities.csproj", "{FA24289F-56FF-46B5-BB98-E12277C368C1}"
EndProject
Project("{FAE04EC0-301F-11D3-BF4B-00C04F79EFBC}") = "Business", "Business\Business.csproj", "{46D5C5AB-4AE6-4ECA-A8B9-FE99D3F89415}"
EndProject
Project("{FAE04EC0-301F-11D3-BF4B-00C04F79EFBC}") = "Web", "Web\Web.csproj", "{CD942834-4514-45C1-85A7-5135AC6CCBAF}"
EndProject
Project("{FAE04EC0-301F-11D3-BF4B-00C04F79EFBC}") = "DataAccess", "DataAccess\DataAccess.csproj", "{BA7383AF-4E42-41D1-88B2-9848CA3A41E3}"
EndProject
Global
	GlobalSection(SolutionConfigurationPlatforms) = preSolution
		Debug|Any CPU = Debug|Any CPU
		Release|Any CPU = Release|Any CPU
	EndGlobalSection
	GlobalSection(ProjectConfigurationPlatforms) = postSolution
		{1DC2A662-58DB-4668-B522-4A0347F72276}.Debug|Any CPU.ActiveCfg = Debug|Any CPU
		{1DC2A662-58DB-4668-B522-4A0347F72276}.Debug|Any CPU.Build.0 = Debug|Any CPU
		{1DC2A662-58DB-4668-B522-4A0347F72276}.Release|Any CPU.ActiveCfg = Release|Any CPU
		{1DC2A662-58DB-4668-B522-4A0347F72276}.Release|Any CPU.Build.0 = Release|Any CPU
		{FA24289F-56FF-46B5-BB98-E12277C368C1}.Debug|Any CPU.ActiveCfg = Debug|Any CPU
		{FA24289F-56FF-46B5-BB98-E12277C368C1}.Debug|Any CPU.Build.0 = Debug|Any CPU
		{FA24289F-56FF-46B5-BB98-E12277C368C1}.Release|Any CPU.ActiveCfg = Release|Any CPU
		{FA24289F-56FF-46B5-BB98-E12277C368C1}.Release|Any CPU.Build.0 = Release|Any CPU
		{46D5C5AB-4AE6-4ECA-A8B9-FE99D3F89415}.Debug|Any CPU.ActiveCfg = Debug|Any CPU
		{46D5C5AB-4AE6-4ECA-A8B9-FE99D3F89415}.Debug|Any CPU.Build.0 = Debug|Any CPU
		{46D5C5AB-4AE6-4ECA-A8B9-FE99D3F89415}.Release|Any CPU.ActiveCfg = Release|Any CPU
		{46D5C5AB-4AE6-4ECA-A8B9-FE99D3F89415}.Release|Any CPU.Build.0 = Release|Any CPU
		{CD942834-4514-45C1-85A7-5135AC6CCBAF}.Debug|Any CPU.ActiveCfg = Debug|Any CPU
		{CD942834-4514-45C1-85A7-5135AC6CCBAF}.Debug|Any CPU.Build.0 = Debug|Any CPU
		{CD942834-4514-45C1-85A7-5135AC6CCBAF}.Release|Any CPU.ActiveCfg = Release|Any CPU
		{CD942834-4514-45C1-85A7-5135AC6CCBAF}.Release|Any CPU.Build.0 = Release|Any CPU
		{BA7383AF-4E42-41D1-88B2-9848CA3A41E3}.Debug|Any CPU.ActiveCfg = Debug|Any CPU
		{BA7383AF-4E42-41D1-88B2-9848CA3A41E3}.Debug|Any CPU.Build.0 = Debug|Any CPU
		{BA7383AF-4E42-41D1-88B2-9848CA3A41E3}.Release|Any CPU.ActiveCfg = Release|Any CPU
		{BA7383AF-4E42-41D1-88B2-9848CA3A41E3}.Release|Any CPU.Build.0 = Release|Any CPU
	EndGlobalSection
	GlobalSection(SolutionProperties) = preSolution
		HideSolutionNode = FALSE
	EndGlobalSection
	GlobalSection(ExtensibilityGlobals) = postSolution
		SolutionGuid = {0CA724BF-43A1-4200-9189-938CD1F5982B}
	EndGlobalSection
EndGlobal
